
Microsoft Visual Studio Solution File, Format Version 12.00
# Visual Studio 15
VisualStudioVersion = 15.0.28307.168
MinimumVisualStudioVersion = 10.0.40219.1
Project("{FAE04EC0-301F-11D3-BF4B-00C04F79EFBC}") = "PocPCFService", "PocPCFService\PocPCFService.csproj", "{992E291A-EA4F-4B3D-BFE6-D738E5C96CA1}"
EndProject
Project("{FAE04EC0-301F-11D3-BF4B-00C04F79EFBC}") = "PocPCFService.Host", "PocPCFService.Host\PocPCFService.Host.csproj", "{C17800DE-C848-49A9-8504-E9F47E24D187}"
EndProject
Project("{FAE04EC0-301F-11D3-BF4B-00C04F79EFBC}") = "PocPCFService.Consumer", "PocPCFService.Consumer\PocPCFService.Consumer.csproj", "{B1249F08-995F-46F7-B062-F42D3895806D}"
EndProject
Global
	GlobalSection(SolutionConfigurationPlatforms) = preSolution
		Debug|Any CPU = Debug|Any CPU
		Release|Any CPU = Release|Any CPU
	EndGlobalSection
	GlobalSection(ProjectConfigurationPlatforms) = postSolution
		{992E291A-EA4F-4B3D-BFE6-D738E5C96CA1}.Debug|Any CPU.ActiveCfg = Debug|Any CPU
		{992E291A-EA4F-4B3D-BFE6-D738E5C96CA1}.Debug|Any CPU.Build.0 = Debug|Any CPU
		{992E291A-EA4F-4B3D-BFE6-D738E5C96CA1}.Release|Any CPU.ActiveCfg = Release|Any CPU
		{992E291A-EA4F-4B3D-BFE6-D738E5C96CA1}.Release|Any CPU.Build.0 = Release|Any CPU
		{C17800DE-C848-49A9-8504-E9F47E24D187}.Debug|Any CPU.ActiveCfg = Debug|Any CPU
		{C17800DE-C848-49A9-8504-E9F47E24D187}.Debug|Any CPU.Build.0 = Debug|Any CPU
		{C17800DE-C848-49A9-8504-E9F47E24D187}.Release|Any CPU.ActiveCfg = Release|Any CPU
		{C17800DE-C848-49A9-8504-E9F47E24D187}.Release|Any CPU.Build.0 = Release|Any CPU
		{B1249F08-995F-46F7-B062-F42D3895806D}.Debug|Any CPU.ActiveCfg = Debug|Any CPU
		{B1249F08-995F-46F7-B062-F42D3895806D}.Debug|Any CPU.Build.0 = Debug|Any CPU
		{B1249F08-995F-46F7-B062-F42D3895806D}.Release|Any CPU.ActiveCfg = Release|Any CPU
		{B1249F08-995F-46F7-B062-F42D3895806D}.Release|Any CPU.Build.0 = Release|Any CPU
	EndGlobalSection
	GlobalSection(SolutionProperties) = preSolution
		HideSolutionNode = FALSE
	EndGlobalSection
	GlobalSection(ExtensibilityGlobals) = postSolution
		SolutionGuid = {51AF0921-3783-474A-B767-D7987B46F417}
	EndGlobalSection
EndGlobal
